// !$*UTF8*$!
{
	archiveVersion = 1;
	classes = {
	};
	objectVersion = 50;
	objects = {

/* Begin PBXBuildFile section */
		54FB864426134EB80001BF2D /* AppDelegate.swift in Sources */ = {isa = PBXBuildFile; fileRef = 54FB864326134EB80001BF2D /* AppDelegate.swift */; };
		54FB864626134EB80001BF2D /* SceneDelegate.swift in Sources */ = {isa = PBXBuildFile; fileRef = 54FB864526134EB80001BF2D /* SceneDelegate.swift */; };
		54FB864826134EB80001BF2D /* ViewController.swift in Sources */ = {isa = PBXBuildFile; fileRef = 54FB864726134EB80001BF2D /* ViewController.swift */; };
		54FB864B26134EB80001BF2D /* Main.storyboard in Resources */ = {isa = PBXBuildFile; fileRef = 54FB864926134EB80001BF2D /* Main.storyboard */; };
		54FB864E26134EB80001BF2D /* LuvLuvMovieIOS.xcdatamodeld in Sources */ = {isa = PBXBuildFile; fileRef = 54FB864C26134EB80001BF2D /* LuvLuvMovieIOS.xcdatamodeld */; };
		54FB865026134EB90001BF2D /* Assets.xcassets in Resources */ = {isa = PBXBuildFile; fileRef = 54FB864F26134EB90001BF2D /* Assets.xcassets */; };
		54FB865326134EB90001BF2D /* LaunchScreen.storyboard in Resources */ = {isa = PBXBuildFile; fileRef = 54FB865126134EB90001BF2D /* LaunchScreen.storyboard */; };
		54FB865C261368450001BF2D /* ListViewController.swift in Sources */ = {isa = PBXBuildFile; fileRef = 54FB865B261368450001BF2D /* ListViewController.swift */; };
		54FB865F2613730B0001BF2D /* MovieVO.swift in Sources */ = {isa = PBXBuildFile; fileRef = 54FB865E2613730B0001BF2D /* MovieVO.swift */; };
/* End PBXBuildFile section */

/* Begin PBXFileReference section */
		54FB864026134EB80001BF2D /* LuvLuvMovieIOS.app */ = {isa = PBXFileReference; explicitFileType = wrapper.application; includeInIndex = 0; path = LuvLuvMovieIOS.app; sourceTree = BUILT_PRODUCTS_DIR; };
		54FB864326134EB80001BF2D /* AppDelegate.swift */ = {isa = PBXFileReference; lastKnownFileType = sourcecode.swift; path = AppDelegate.swift; sourceTree = "<group>"; };
		54FB864526134EB80001BF2D /* SceneDelegate.swift */ = {isa = PBXFileReference; lastKnownFileType = sourcecode.swift; path = SceneDelegate.swift; sourceTree = "<group>"; };
		54FB864726134EB80001BF2D /* ViewController.swift */ = {isa = PBXFileReference; lastKnownFileType = sourcecode.swift; path = ViewController.swift; sourceTree = "<group>"; };
		54FB864A26134EB80001BF2D /* Base */ = {isa = PBXFileReference; lastKnownFileType = file.storyboard; name = Base; path = Base.lproj/Main.storyboard; sourceTree = "<group>"; };
		54FB864D26134EB80001BF2D /* LuvLuvMovieIOS.xcdatamodel */ = {isa = PBXFileReference; lastKnownFileType = wrapper.xcdatamodel; path = LuvLuvMovieIOS.xcdatamodel; sourceTree = "<group>"; };
		54FB864F26134EB90001BF2D /* Assets.xcassets */ = {isa = PBXFileReference; lastKnownFileType = folder.assetcatalog; path = Assets.xcassets; sourceTree = "<group>"; };
		54FB865226134EB90001BF2D /* Base */ = {isa = PBXFileReference; lastKnownFileType = file.storyboard; name = Base; path = Base.lproj/LaunchScreen.storyboard; sourceTree = "<group>"; };
		54FB865426134EB90001BF2D /* Info.plist */ = {isa = PBXFileReference; lastKnownFileType = text.plist.xml; path = Info.plist; sourceTree = "<group>"; };
		54FB865B261368450001BF2D /* ListViewController.swift */ = {isa = PBXFileReference; lastKnownFileType = sourcecode.swift; path = ListViewController.swift; sourceTree = "<group>"; };
		54FB865E2613730B0001BF2D /* MovieVO.swift */ = {isa = PBXFileReference; lastKnownFileType = sourcecode.swift; path = MovieVO.swift; sourceTree = "<group>"; };
/* End PBXFileReference section */

/* Begin PBXFrameworksBuildPhase section */
		54FB863D26134EB80001BF2D /* Frameworks */ = {
			isa = PBXFrameworksBuildPhase;
			buildActionMask = 2147483647;
			files = (
			);
			runOnlyForDeploymentPostprocessing = 0;
		};
/* End PBXFrameworksBuildPhase section */

/* Begin PBXGroup section */
		54FB863726134EB80001BF2D = {
			isa = PBXGroup;
			children = (
				54FB864226134EB80001BF2D /* LuvLuvMovieIOS */,
				54FB864126134EB80001BF2D /* Products */,
			);
			sourceTree = "<group>";
		};
		54FB864126134EB80001BF2D /* Products */ = {
			isa = PBXGroup;
			children = (
				54FB864026134EB80001BF2D /* LuvLuvMovieIOS.app */,
			);
			name = Products;
			sourceTree = "<group>";
		};
		54FB864226134EB80001BF2D /* LuvLuvMovieIOS */ = {
			isa = PBXGroup;
			children = (
				54FB864326134EB80001BF2D /* AppDelegate.swift */,
				54FB864526134EB80001BF2D /* SceneDelegate.swift */,
				54FB864726134EB80001BF2D /* ViewController.swift */,
				54FB864926134EB80001BF2D /* Main.storyboard */,
				54FB865B261368450001BF2D /* ListViewController.swift */,
				54FB865E2613730B0001BF2D /* MovieVO.swift */,
				54FB864F26134EB90001BF2D /* Assets.xcassets */,
				54FB865126134EB90001BF2D /* LaunchScreen.storyboard */,
				54FB865426134EB90001BF2D /* Info.plist */,
				54FB864C26134EB80001BF2D /* LuvLuvMovieIOS.xcdatamodeld */,
			);
			path = LuvLuvMovieIOS;
			sourceTree = "<group>";
		};
/* End PBXGroup section */

/* Begin PBXNativeTarget section */
		54FB863F26134EB80001BF2D /* LuvLuvMovieIOS */ = {
			isa = PBXNativeTarget;
			buildConfigurationList = 54FB865726134EB90001BF2D /* Build configuration list for PBXNativeTarget "LuvLuvMovieIOS" */;
			buildPhases = (
				54FB863C26134EB80001BF2D /* Sources */,
				54FB863D26134EB80001BF2D /* Frameworks */,
				54FB863E26134EB80001BF2D /* Resources */,
			);
			buildRules = (
			);
			dependencies = (
			);
			name = LuvLuvMovieIOS;
			productName = LuvLuvMovieIOS;
			productReference = 54FB864026134EB80001BF2D /* LuvLuvMovieIOS.app */;
			productType = "com.apple.product-type.application";
		};
/* End PBXNativeTarget section */

/* Begin PBXProject section */
		54FB863826134EB80001BF2D /* Project object */ = {
			isa = PBXProject;
			attributes = {
				LastSwiftUpdateCheck = 1240;
				LastUpgradeCheck = 1240;
				TargetAttributes = {
					54FB863F26134EB80001BF2D = {
						CreatedOnToolsVersion = 12.4;
					};
				};
			};
			buildConfigurationList = 54FB863B26134EB80001BF2D /* Build configuration list for PBXProject "LuvLuvMovieIOS" */;
			compatibilityVersion = "Xcode 9.3";
			developmentRegion = en;
			hasScannedForEncodings = 0;
			knownRegions = (
				en,
				Base,
			);
			mainGroup = 54FB863726134EB80001BF2D;
			productRefGroup = 54FB864126134EB80001BF2D /* Products */;
			projectDirPath = "";
			projectRoot = "";
			targets = (
				54FB863F26134EB80001BF2D /* LuvLuvMovieIOS */,
			);
		};
/* End PBXProject section */

/* Begin PBXResourcesBuildPhase section */
		54FB863E26134EB80001BF2D /* Resources */ = {
			isa = PBXResourcesBuildPhase;
			buildActionMask = 2147483647;
			files = (
				54FB865326134EB90001BF2D /* LaunchScreen.storyboard in Resources */,
				54FB865026134EB90001BF2D /* Assets.xcassets in Resources */,
				54FB864B26134EB80001BF2D /* Main.storyboard in Resources */,
			);
			runOnlyForDeploymentPostprocessing = 0;
		};
/* End PBXResourcesBuildPhase section */

/* Begin PBXSourcesBuildPhase section */
		54FB863C26134EB80001BF2D /* Sources */ = {
			isa = PBXSourcesBuildPhase;
			buildActionMask = 2147483647;
			files = (
				54FB864E26134EB80001BF2D /* LuvLuvMovieIOS.xcdatamodeld in Sources */,
				54FB864826134EB80001BF2D /* ViewController.swift in Sources */,
				54FB864426134EB80001BF2D /* AppDelegate.swift in Sources */,
				54FB865F2613730B0001BF2D /* MovieVO.swift in Sources */,
				54FB865C261368450001BF2D /* ListViewController.swift in Sources */,
				54FB864626134EB80001BF2D /* SceneDelegate.swift in Sources */,
			);
			runOnlyForDeploymentPostprocessing = 0;
		};
/* End PBXSourcesBuildPhase section */

/* Begin PBXVariantGroup section */
		54FB864926134EB80001BF2D /* Main.storyboard */ = {
			isa = PBXVariantGroup;
			children = (
				54FB864A26134EB80001BF2D /* Base */,
			);
			name = Main.storyboard;
			sourceTree = "<group>";
		};
		54FB865126134EB90001BF2D /* LaunchScreen.storyboard */ = {
			isa = PBXVariantGroup;
			children = (
				54FB865226134EB90001BF2D /* Base */,
			);
			name = LaunchScreen.storyboard;
			sourceTree = "<group>";
		};
/* End PBXVariantGroup section */

/* Begin XCBuildConfiguration section */
		54FB865526134EB90001BF2D /* Debug */ = {
			isa = XCBuildConfiguration;
			buildSettings = {
				ALWAYS_SEARCH_USER_PATHS = NO;
				CLANG_ANALYZER_NONNULL = YES;
				CLANG_ANALYZER_NUMBER_OBJECT_CONVERSION = YES_AGGRESSIVE;
				CLANG_CXX_LANGUAGE_STANDARD = "gnu++14";
				CLANG_CXX_LIBRARY = "libc++";
				CLANG_ENABLE_MODULES = YES;
				CLANG_ENABLE_OBJC_ARC = YES;
				CLANG_ENABLE_OBJC_WEAK = YES;
				CLANG_WARN_BLOCK_CAPTURE_AUTORELEASING = YES;
				CLANG_WARN_BOOL_CONVERSION = YES;
				CLANG_WARN_COMMA = YES;
				CLANG_WARN_CONSTANT_CONVERSION = YES;
				CLANG_WARN_DEPRECATED_OBJC_IMPLEMENTATIONS = YES;
				CLANG_WARN_DIRECT_OBJC_ISA_USAGE = YES_ERROR;
				CLANG_WARN_DOCUMENTATION_COMMENTS = YES;
				CLANG_WARN_EMPTY_BODY = YES;
				CLANG_WARN_ENUM_CONVERSION = YES;
				CLANG_WARN_INFINITE_RECURSION = YES;
				CLANG_WARN_INT_CONVERSION = YES;
				CLANG_WARN_NON_LITERAL_NULL_CONVERSION = YES;
				CLANG_WARN_OBJC_IMPLICIT_RETAIN_SELF = YES;
				CLANG_WARN_OBJC_LITERAL_CONVERSION = YES;
				CLANG_WARN_OBJC_ROOT_CLASS = YES_ERROR;
				CLANG_WARN_QUOTED_INCLUDE_IN_FRAMEWORK_HEADER = YES;
				CLANG_WARN_RANGE_LOOP_ANALYSIS = YES;
				CLANG_WARN_STRICT_PROTOTYPES = YES;
				CLANG_WARN_SUSPICIOUS_MOVE = YES;
				CLANG_WARN_UNGUARDED_AVAILABILITY = YES_AGGRESSIVE;
				CLANG_WARN_UNREACHABLE_CODE = YES;
				CLANG_WARN__DUPLICATE_METHOD_MATCH = YES;
				COPY_PHASE_STRIP = NO;
				DEBUG_INFORMATION_FORMAT = dwarf;
				ENABLE_STRICT_OBJC_MSGSEND = YES;
				ENABLE_TESTABILITY = YES;
				GCC_C_LANGUAGE_STANDARD = gnu11;
				GCC_DYNAMIC_NO_PIC = NO;
				GCC_NO_COMMON_BLOCKS = YES;
				GCC_OPTIMIZATION_LEVEL = 0;
				GCC_PREPROCESSOR_DEFINITIONS = (
					"DEBUG=1",
					"$(inherited)",
				);
				GCC_WARN_64_TO_32_BIT_CONVERSION = YES;
				GCC_WARN_ABOUT_RETURN_TYPE = YES_ERROR;
				GCC_WARN_UNDECLARED_SELECTOR = YES;
				GCC_WARN_UNINITIALIZED_AUTOS = YES_AGGRESSIVE;
				GCC_WARN_UNUSED_FUNCTION = YES;
				GCC_WARN_UNUSED_VARIABLE = YES;
				IPHONEOS_DEPLOYMENT_TARGET = 14.4;
				MTL_ENABLE_DEBUG_INFO = INCLUDE_SOURCE;
				MTL_FAST_MATH = YES;
				ONLY_ACTIVE_ARCH = YES;
				SDKROOT = iphoneos;
				SWIFT_ACTIVE_COMPILATION_CONDITIONS = DEBUG;
				SWIFT_OPTIMIZATION_LEVEL = "-Onone";
			};
			name = Debug;
		};
		54FB865626134EB90001BF2D /* Release */ = {
			isa = XCBuildConfiguration;
			buildSettings = {
				ALWAYS_SEARCH_USER_PATHS = NO;
				CLANG_ANALYZER_NONNULL = YES;
				CLANG_ANALYZER_NUMBER_OBJECT_CONVERSION = YES_AGGRESSIVE;
				CLANG_CXX_LANGUAGE_STANDARD = "gnu++14";
				CLANG_CXX_LIBRARY = "libc++";
				CLANG_ENABLE_MODULES = YES;
				CLANG_ENABLE_OBJC_ARC = YES;
				CLANG_ENABLE_OBJC_WEAK = YES;
				CLANG_WARN_BLOCK_CAPTURE_AUTORELEASING = YES;
				CLANG_WARN_BOOL_CONVERSION = YES;
				CLANG_WARN_COMMA = YES;
				CLANG_WARN_CONSTANT_CONVERSION = YES;
				CLANG_WARN_DEPRECATED_OBJC_IMPLEMENTATIONS = YES;
				CLANG_WARN_DIRECT_OBJC_ISA_USAGE = YES_ERROR;
				CLANG_WARN_DOCUMENTATION_COMMENTS = YES;
				CLANG_WARN_EMPTY_BODY = YES;
				CLANG_WARN_ENUM_CONVERSION = YES;
				CLANG_WARN_INFINITE_RECURSION = YES;
				CLANG_WARN_INT_CONVERSION = YES;
				CLANG_WARN_NON_LITERAL_NULL_CONVERSION = YES;
				CLANG_WARN_OBJC_IMPLICIT_RETAIN_SELF = YES;
				CLANG_WARN_OBJC_LITERAL_CONVERSION = YES;
				CLANG_WARN_OBJC_ROOT_CLASS = YES_ERROR;
				CLANG_WARN_QUOTED_INCLUDE_IN_FRAMEWORK_HEADER = YES;
				CLANG_WARN_RANGE_LOOP_ANALYSIS = YES;
				CLANG_WARN_STRICT_PROTOTYPES = YES;
				CLANG_WARN_SUSPICIOUS_MOVE = YES;
				CLANG_WARN_UNGUARDED_AVAILABILITY = YES_AGGRESSIVE;
				CLANG_WARN_UNREACHABLE_CODE = YES;
				CLANG_WARN__DUPLICATE_METHOD_MATCH = YES;
				COPY_PHASE_STRIP = NO;
				DEBUG_INFORMATION_FORMAT = "dwarf-with-dsym";
				ENABLE_NS_ASSERTIONS = NO;
				ENABLE_STRICT_OBJC_MSGSEND = YES;
				GCC_C_LANGUAGE_STANDARD = gnu11;
				GCC_NO_COMMON_BLOCKS = YES;
				GCC_WARN_64_TO_32_BIT_CONVERSION = YES;
				GCC_WARN_ABOUT_RETURN_TYPE = YES_ERROR;
				GCC_WARN_UNDECLARED_SELECTOR = YES;
				GCC_WARN_UNINITIALIZED_AUTOS = YES_AGGRESSIVE;
				GCC_WARN_UNUSED_FUNCTION = YES;
				GCC_WARN_UNUSED_VARIABLE = YES;
				IPHONEOS_DEPLOYMENT_TARGET = 14.4;
				MTL_ENABLE_DEBUG_INFO = NO;
				MTL_FAST_MATH = YES;
				SDKROOT = iphoneos;
				SWIFT_COMPILATION_MODE = wholemodule;
				SWIFT_OPTIMIZATION_LEVEL = "-O";
				VALIDATE_PRODUCT = YES;
			};
			name = Release;
		};
		54FB865826134EB90001BF2D /* Debug */ = {
			isa = XCBuildConfiguration;
			buildSettings = {
				ASSETCATALOG_COMPILER_APPICON_NAME = AppIcon;
				ASSETCATALOG_COMPILER_GLOBAL_ACCENT_COLOR_NAME = AccentColor;
				CODE_SIGN_STYLE = Automatic;
				INFOPLIST_FILE = LuvLuvMovieIOS/Info.plist;
				LD_RUNPATH_SEARCH_PATHS = (
					"$(inherited)",
					"@executable_path/Frameworks",
				);
				PRODUCT_BUNDLE_IDENTIFIER = com.sunghun.LuvLuvMovieIOS;
				PRODUCT_NAME = "$(TARGET_NAME)";
				SWIFT_VERSION = 5.0;
				TARGETED_DEVICE_FAMILY = "1,2";
			};
			name = Debug;
		};
		54FB865926134EB90001BF2D /* Release */ = {
			isa = XCBuildConfiguration;
			buildSettings = {
				ASSETCATALOG_COMPILER_APPICON_NAME = AppIcon;
				ASSETCATALOG_COMPILER_GLOBAL_ACCENT_COLOR_NAME = AccentColor;
				CODE_SIGN_STYLE = Automatic;
				INFOPLIST_FILE = LuvLuvMovieIOS/Info.plist;
				LD_RUNPATH_SEARCH_PATHS = (
					"$(inherited)",
					"@executable_path/Frameworks",
				);
				PRODUCT_BUNDLE_IDENTIFIER = com.sunghun.LuvLuvMovieIOS;
				PRODUCT_NAME = "$(TARGET_NAME)";
				SWIFT_VERSION = 5.0;
				TARGETED_DEVICE_FAMILY = "1,2";
			};
			name = Release;
		};
/* End XCBuildConfiguration section */

/* Begin XCConfigurationList section */
		54FB863B26134EB80001BF2D /* Build configuration list for PBXProject "LuvLuvMovieIOS" */ = {
			isa = XCConfigurationList;
			buildConfigurations = (
				54FB865526134EB90001BF2D /* Debug */,
				54FB865626134EB90001BF2D /* Release */,
			);
			defaultConfigurationIsVisible = 0;
			defaultConfigurationName = Release;
		};
		54FB865726134EB90001BF2D /* Build configuration list for PBXNativeTarget "LuvLuvMovieIOS" */ = {
			isa = XCConfigurationList;
			buildConfigurations = (
				54FB865826134EB90001BF2D /* Debug */,
				54FB865926134EB90001BF2D /* Release */,
			);
			defaultConfigurationIsVisible = 0;
			defaultConfigurationName = Release;
		};
/* End XCConfigurationList section */

/* Begin XCVersionGroup section */
		54FB864C26134EB80001BF2D /* LuvLuvMovieIOS.xcdatamodeld */ = {
			isa = XCVersionGroup;
			children = (
				54FB864D26134EB80001BF2D /* LuvLuvMovieIOS.xcdatamodel */,
			);
			currentVersion = 54FB864D26134EB80001BF2D /* LuvLuvMovieIOS.xcdatamodel */;
			path = LuvLuvMovieIOS.xcdatamodeld;
			sourceTree = "<group>";
			versionGroupType = wrapper.xcdatamodel;
		};
/* End XCVersionGroup section */
	};
	rootObject = 54FB863826134EB80001BF2D /* Project object */;
}
